
Microsoft Visual Studio Solution File, Format Version 12.00
# Visual Studio Version 17
VisualStudioVersion = 17.1.32210.238
MinimumVisualStudioVersion = 10.0.40219.1
Project("{9A19103F-16F7-4668-BE54-9A1E7A4F7556}") = "ClassLibrary1", "ClassLibrary1.csproj", "{A93F6433-CD6C-4F3B-B41B-CFFD2ECA1E69}"
EndProject
Project("{FAE04EC0-301F-11D3-BF4B-00C04F79EFBC}") = "reflection", "..\reflection\reflection.csproj", "{98B0475A-F32C-49F8-B3C0-41E8CE322A9B}"
EndProject
Global
	GlobalSection(SolutionConfigurationPlatforms) = preSolution
		Debug|Any CPU = Debug|Any CPU
		Release|Any CPU = Release|Any CPU
	EndGlobalSection
	GlobalSection(ProjectConfigurationPlatforms) = postSolution
		{A93F6433-CD6C-4F3B-B41B-CFFD2ECA1E69}.Debug|Any CPU.ActiveCfg = Debug|Any CPU
		{A93F6433-CD6C-4F3B-B41B-CFFD2ECA1E69}.Debug|Any CPU.Build.0 = Debug|Any CPU
		{A93F6433-CD6C-4F3B-B41B-CFFD2ECA1E69}.Release|Any CPU.ActiveCfg = Release|Any CPU
		{A93F6433-CD6C-4F3B-B41B-CFFD2ECA1E69}.Release|Any CPU.Build.0 = Release|Any CPU
		{98B0475A-F32C-49F8-B3C0-41E8CE322A9B}.Debug|Any CPU.ActiveCfg = Debug|Any CPU
		{98B0475A-F32C-49F8-B3C0-41E8CE322A9B}.Debug|Any CPU.Build.0 = Debug|Any CPU
		{98B0475A-F32C-49F8-B3C0-41E8CE322A9B}.Release|Any CPU.ActiveCfg = Release|Any CPU
		{98B0475A-F32C-49F8-B3C0-41E8CE322A9B}.Release|Any CPU.Build.0 = Release|Any CPU
	EndGlobalSection
	GlobalSection(SolutionProperties) = preSolution
		HideSolutionNode = FALSE
	EndGlobalSection
	GlobalSection(ExtensibilityGlobals) = postSolution
		SolutionGuid = {403D024F-0029-4069-ADFF-19F64CE3DDF1}
	EndGlobalSection
EndGlobal
