
Microsoft Visual Studio Solution File, Format Version 12.00
# Visual Studio Version 17
VisualStudioVersion = 17.1.32210.238
MinimumVisualStudioVersion = 10.0.40219.1
Project("{FAE04EC0-301F-11D3-BF4B-00C04F79EFBC}") = "Assinmentcalculater", "Assinmentcalculater.csproj", "{A6F63395-7465-444B-AB56-AC6CEC6B32D7}"
EndProject
Global
	GlobalSection(SolutionConfigurationPlatforms) = preSolution
		Debug|Any CPU = Debug|Any CPU
		Release|Any CPU = Release|Any CPU
	EndGlobalSection
	GlobalSection(ProjectConfigurationPlatforms) = postSolution
		{A6F63395-7465-444B-AB56-AC6CEC6B32D7}.Debug|Any CPU.ActiveCfg = Debug|Any CPU
		{A6F63395-7465-444B-AB56-AC6CEC6B32D7}.Debug|Any CPU.Build.0 = Debug|Any CPU
		{A6F63395-7465-444B-AB56-AC6CEC6B32D7}.Release|Any CPU.ActiveCfg = Release|Any CPU
		{A6F63395-7465-444B-AB56-AC6CEC6B32D7}.Release|Any CPU.Build.0 = Release|Any CPU
	EndGlobalSection
	GlobalSection(SolutionProperties) = preSolution
		HideSolutionNode = FALSE
	EndGlobalSection
	GlobalSection(ExtensibilityGlobals) = postSolution
		SolutionGuid = {A99A3784-547B-430A-BDD5-4E5137DA271A}
	EndGlobalSection
EndGlobal
