
Microsoft Visual Studio Solution File, Format Version 12.00
# Visual Studio Version 17
VisualStudioVersion = 17.1.32210.238
MinimumVisualStudioVersion = 10.0.40219.1
Project("{FAE04EC0-301F-11D3-BF4B-00C04F79EFBC}") = "Virtual Array", "Virtual Array.csproj", "{65A3C351-2C88-4750-9681-53983CD1A9DD}"
EndProject
Global
	GlobalSection(SolutionConfigurationPlatforms) = preSolution
		Debug|Any CPU = Debug|Any CPU
		Release|Any CPU = Release|Any CPU
	EndGlobalSection
	GlobalSection(ProjectConfigurationPlatforms) = postSolution
		{65A3C351-2C88-4750-9681-53983CD1A9DD}.Debug|Any CPU.ActiveCfg = Debug|Any CPU
		{65A3C351-2C88-4750-9681-53983CD1A9DD}.Debug|Any CPU.Build.0 = Debug|Any CPU
		{65A3C351-2C88-4750-9681-53983CD1A9DD}.Release|Any CPU.ActiveCfg = Release|Any CPU
		{65A3C351-2C88-4750-9681-53983CD1A9DD}.Release|Any CPU.Build.0 = Release|Any CPU
	EndGlobalSection
	GlobalSection(SolutionProperties) = preSolution
		HideSolutionNode = FALSE
	EndGlobalSection
	GlobalSection(ExtensibilityGlobals) = postSolution
		SolutionGuid = {FEF32348-38ED-4DB9-8FD4-C211AC1CF56B}
	EndGlobalSection
EndGlobal
