
Microsoft Visual Studio Solution File, Format Version 12.00
# Visual Studio Version 17
VisualStudioVersion = 17.1.32210.238
MinimumVisualStudioVersion = 10.0.40219.1
Project("{FAE04EC0-301F-11D3-BF4B-00C04F79EFBC}") = "AssinmentSaveDataMAster", "AssinmentSaveDataMAster.csproj", "{AEE7678B-9382-4882-960B-E487C28C790D}"
EndProject
Global
	GlobalSection(SolutionConfigurationPlatforms) = preSolution
		Debug|Any CPU = Debug|Any CPU
		Release|Any CPU = Release|Any CPU
	EndGlobalSection
	GlobalSection(ProjectConfigurationPlatforms) = postSolution
		{AEE7678B-9382-4882-960B-E487C28C790D}.Debug|Any CPU.ActiveCfg = Debug|Any CPU
		{AEE7678B-9382-4882-960B-E487C28C790D}.Debug|Any CPU.Build.0 = Debug|Any CPU
		{AEE7678B-9382-4882-960B-E487C28C790D}.Release|Any CPU.ActiveCfg = Release|Any CPU
		{AEE7678B-9382-4882-960B-E487C28C790D}.Release|Any CPU.Build.0 = Release|Any CPU
	EndGlobalSection
	GlobalSection(SolutionProperties) = preSolution
		HideSolutionNode = FALSE
	EndGlobalSection
	GlobalSection(ExtensibilityGlobals) = postSolution
		SolutionGuid = {407D06CE-617E-4095-A94E-96E4A9D542F5}
	EndGlobalSection
EndGlobal
